// !$*UTF8*$!
{
	archiveVersion = 1;
	classes = {
	};
	objectVersion = 50;
	objects = {

/* Begin PBXBuildFile section */
		5960309F9DDAF33BCEDEFD3D /* libPods-SwiftUI Course.a in Frameworks */ = {isa = PBXBuildFile; fileRef = AE8120AB5879CE6DE349FAF2 /* libPods-SwiftUI Course.a */; };
		F80629A8240B513900165160 /* GoogleService-Info.plist in Resources */ = {isa = PBXBuildFile; fileRef = F80629A7240B513900165160 /* GoogleService-Info.plist */; };
		F82D011B24377BD4002CCFBD /* Stickers.xcassets in Resources */ = {isa = PBXBuildFile; fileRef = F82D011A24377BD4002CCFBD /* Stickers.xcassets */; };
		F82D011F24377BD4002CCFBD /* Stickers of course.appex in Embed App Extensions */ = {isa = PBXBuildFile; fileRef = F82D011824377BD1002CCFBD /* Stickers of course.appex */; settings = {ATTRIBUTES = (RemoveHeadersOnCopy, ); }; };
		F86569E223F8577600FB4B51 /* AppDelegate.swift in Sources */ = {isa = PBXBuildFile; fileRef = F86569E123F8577600FB4B51 /* AppDelegate.swift */; };
		F86569E423F8577600FB4B51 /* SceneDelegate.swift in Sources */ = {isa = PBXBuildFile; fileRef = F86569E323F8577600FB4B51 /* SceneDelegate.swift */; };
		F86569E623F8577600FB4B51 /* ContentView.swift in Sources */ = {isa = PBXBuildFile; fileRef = F86569E523F8577600FB4B51 /* ContentView.swift */; };
		F86569E823F8577800FB4B51 /* Assets.xcassets in Resources */ = {isa = PBXBuildFile; fileRef = F86569E723F8577800FB4B51 /* Assets.xcassets */; };
		F86569EB23F8577800FB4B51 /* Preview Assets.xcassets in Resources */ = {isa = PBXBuildFile; fileRef = F86569EA23F8577800FB4B51 /* Preview Assets.xcassets */; };
		F86569EE23F8577800FB4B51 /* LaunchScreen.storyboard in Resources */ = {isa = PBXBuildFile; fileRef = F86569EC23F8577800FB4B51 /* LaunchScreen.storyboard */; };
		F8656A1223F85D1D00FB4B51 /* CardViewController.swift in Sources */ = {isa = PBXBuildFile; fileRef = F8656A1123F85D1D00FB4B51 /* CardViewController.swift */; };
		F8DCE59C2407262100740054 /* CardModel.swift in Sources */ = {isa = PBXBuildFile; fileRef = F8DCE59B2407262100740054 /* CardModel.swift */; };
		F8DCE59E2407290E00740054 /* CardData.swift in Sources */ = {isa = PBXBuildFile; fileRef = F8DCE59D2407290E00740054 /* CardData.swift */; };
		F8DCE5A32407525100740054 /* sound-chime.mp3 in Resources */ = {isa = PBXBuildFile; fileRef = F8DCE5A22407525100740054 /* sound-chime.mp3 */; };
		F8DCE5A52407526B00740054 /* PlaySound.swift in Sources */ = {isa = PBXBuildFile; fileRef = F8DCE5A42407526B00740054 /* PlaySound.swift */; };
/* End PBXBuildFile section */

/* Begin PBXContainerItemProxy section */
		F82D011D24377BD4002CCFBD /* PBXContainerItemProxy */ = {
			isa = PBXContainerItemProxy;
			containerPortal = F86569D623F8577600FB4B51 /* Project object */;
			proxyType = 1;
			remoteGlobalIDString = F82D011724377BD1002CCFBD;
			remoteInfo = Stickers;
		};
/* End PBXContainerItemProxy section */

/* Begin PBXCopyFilesBuildPhase section */
		F82D012024377BD4002CCFBD /* Embed App Extensions */ = {
			isa = PBXCopyFilesBuildPhase;
			buildActionMask = 2147483647;
			dstPath = "";
			dstSubfolderSpec = 13;
			files = (
				F82D011F24377BD4002CCFBD /* Stickers of course.appex in Embed App Extensions */,
			);
			name = "Embed App Extensions";
			runOnlyForDeploymentPostprocessing = 0;
		};
/* End PBXCopyFilesBuildPhase section */

/* Begin PBXFileReference section */
		1E6473D1C16CE8C70BAF2B81 /* Pods-SwiftUI Course.release.xcconfig */ = {isa = PBXFileReference; includeInIndex = 1; lastKnownFileType = text.xcconfig; name = "Pods-SwiftUI Course.release.xcconfig"; path = "Target Support Files/Pods-SwiftUI Course/Pods-SwiftUI Course.release.xcconfig"; sourceTree = "<group>"; };
		629449DEB4B0B247075CCFCD /* Pods-SwiftUI Course.debug.xcconfig */ = {isa = PBXFileReference; includeInIndex = 1; lastKnownFileType = text.xcconfig; name = "Pods-SwiftUI Course.debug.xcconfig"; path = "Target Support Files/Pods-SwiftUI Course/Pods-SwiftUI Course.debug.xcconfig"; sourceTree = "<group>"; };
		AE8120AB5879CE6DE349FAF2 /* libPods-SwiftUI Course.a */ = {isa = PBXFileReference; explicitFileType = archive.ar; includeInIndex = 0; path = "libPods-SwiftUI Course.a"; sourceTree = BUILT_PRODUCTS_DIR; };
		F80629A7240B513900165160 /* GoogleService-Info.plist */ = {isa = PBXFileReference; fileEncoding = 4; lastKnownFileType = text.plist.xml; path = "GoogleService-Info.plist"; sourceTree = "<group>"; };
		F82D011824377BD1002CCFBD /* Stickers of course.appex */ = {isa = PBXFileReference; explicitFileType = "wrapper.app-extension"; includeInIndex = 0; path = "Stickers of course.appex"; sourceTree = BUILT_PRODUCTS_DIR; };
		F82D011A24377BD4002CCFBD /* Stickers.xcassets */ = {isa = PBXFileReference; lastKnownFileType = folder.assetcatalog; path = Stickers.xcassets; sourceTree = "<group>"; };
		F82D011C24377BD4002CCFBD /* Info.plist */ = {isa = PBXFileReference; lastKnownFileType = text.plist.xml; path = Info.plist; sourceTree = "<group>"; };
		F86569DE23F8577600FB4B51 /* SwiftUI Course.app */ = {isa = PBXFileReference; explicitFileType = wrapper.application; includeInIndex = 0; path = "SwiftUI Course.app"; sourceTree = BUILT_PRODUCTS_DIR; };
		F86569E123F8577600FB4B51 /* AppDelegate.swift */ = {isa = PBXFileReference; lastKnownFileType = sourcecode.swift; path = AppDelegate.swift; sourceTree = "<group>"; };
		F86569E323F8577600FB4B51 /* SceneDelegate.swift */ = {isa = PBXFileReference; lastKnownFileType = sourcecode.swift; path = SceneDelegate.swift; sourceTree = "<group>"; };
		F86569E523F8577600FB4B51 /* ContentView.swift */ = {isa = PBXFileReference; lastKnownFileType = sourcecode.swift; path = ContentView.swift; sourceTree = "<group>"; };
		F86569E723F8577800FB4B51 /* Assets.xcassets */ = {isa = PBXFileReference; lastKnownFileType = folder.assetcatalog; path = Assets.xcassets; sourceTree = "<group>"; };
		F86569EA23F8577800FB4B51 /* Preview Assets.xcassets */ = {isa = PBXFileReference; lastKnownFileType = folder.assetcatalog; path = "Preview Assets.xcassets"; sourceTree = "<group>"; };
		F86569ED23F8577800FB4B51 /* Base */ = {isa = PBXFileReference; lastKnownFileType = file.storyboard; name = Base; path = Base.lproj/LaunchScreen.storyboard; sourceTree = "<group>"; };
		F86569EF23F8577800FB4B51 /* Info.plist */ = {isa = PBXFileReference; lastKnownFileType = text.plist.xml; path = Info.plist; sourceTree = "<group>"; };
		F8656A1123F85D1D00FB4B51 /* CardViewController.swift */ = {isa = PBXFileReference; lastKnownFileType = sourcecode.swift; path = CardViewController.swift; sourceTree = "<group>"; };
		F8DCE59B2407262100740054 /* CardModel.swift */ = {isa = PBXFileReference; lastKnownFileType = sourcecode.swift; path = CardModel.swift; sourceTree = "<group>"; };
		F8DCE59D2407290E00740054 /* CardData.swift */ = {isa = PBXFileReference; lastKnownFileType = sourcecode.swift; path = CardData.swift; sourceTree = "<group>"; };
		F8DCE5A22407525100740054 /* sound-chime.mp3 */ = {isa = PBXFileReference; lastKnownFileType = audio.mp3; path = "sound-chime.mp3"; sourceTree = "<group>"; };
		F8DCE5A42407526B00740054 /* PlaySound.swift */ = {isa = PBXFileReference; lastKnownFileType = sourcecode.swift; path = PlaySound.swift; sourceTree = "<group>"; };
/* End PBXFileReference section */

/* Begin PBXFrameworksBuildPhase section */
		F86569DB23F8577600FB4B51 /* Frameworks */ = {
			isa = PBXFrameworksBuildPhase;
			buildActionMask = 2147483647;
			files = (
				5960309F9DDAF33BCEDEFD3D /* libPods-SwiftUI Course.a in Frameworks */,
			);
			runOnlyForDeploymentPostprocessing = 0;
		};
/* End PBXFrameworksBuildPhase section */

/* Begin PBXGroup section */
		CA80AADDEDAEE939D5CEE214 /* Pods */ = {
			isa = PBXGroup;
			children = (
				629449DEB4B0B247075CCFCD /* Pods-SwiftUI Course.debug.xcconfig */,
				1E6473D1C16CE8C70BAF2B81 /* Pods-SwiftUI Course.release.xcconfig */,
			);
			path = Pods;
			sourceTree = "<group>";
		};
		D9BD30521632EA1A4ED8A52E /* Frameworks */ = {
			isa = PBXGroup;
			children = (
				AE8120AB5879CE6DE349FAF2 /* libPods-SwiftUI Course.a */,
			);
			name = Frameworks;
			sourceTree = "<group>";
		};
		F82D011924377BD1002CCFBD /* Stickers */ = {
			isa = PBXGroup;
			children = (
				F82D011A24377BD4002CCFBD /* Stickers.xcassets */,
				F82D011C24377BD4002CCFBD /* Info.plist */,
			);
			path = Stickers;
			sourceTree = "<group>";
		};
		F86569D523F8577600FB4B51 = {
			isa = PBXGroup;
			children = (
				F86569E023F8577600FB4B51 /* SwiftUI Course */,
				F82D011924377BD1002CCFBD /* Stickers */,
				F86569DF23F8577600FB4B51 /* Products */,
				CA80AADDEDAEE939D5CEE214 /* Pods */,
				D9BD30521632EA1A4ED8A52E /* Frameworks */,
			);
			sourceTree = "<group>";
		};
		F86569DF23F8577600FB4B51 /* Products */ = {
			isa = PBXGroup;
			children = (
				F86569DE23F8577600FB4B51 /* SwiftUI Course.app */,
				F82D011824377BD1002CCFBD /* Stickers of course.appex */,
			);
			name = Products;
			sourceTree = "<group>";
		};
		F86569E023F8577600FB4B51 /* SwiftUI Course */ = {
			isa = PBXGroup;
			children = (
				F8DCE5A12407524300740054 /* Files */,
				F8DCE5A024073C7600740054 /* View */,
				F8DCE59F24073C6400740054 /* Data */,
				F8DCE59A2407260400740054 /* Model */,
				F8DCE599240725C900740054 /* ViewController */,
				F86569E123F8577600FB4B51 /* AppDelegate.swift */,
				F80629A7240B513900165160 /* GoogleService-Info.plist */,
				F86569E323F8577600FB4B51 /* SceneDelegate.swift */,
				F86569E723F8577800FB4B51 /* Assets.xcassets */,
				F86569EC23F8577800FB4B51 /* LaunchScreen.storyboard */,
				F86569EF23F8577800FB4B51 /* Info.plist */,
				F86569E923F8577800FB4B51 /* Preview Content */,
			);
			path = "SwiftUI Course";
			sourceTree = "<group>";
		};
		F86569E923F8577800FB4B51 /* Preview Content */ = {
			isa = PBXGroup;
			children = (
				F86569EA23F8577800FB4B51 /* Preview Assets.xcassets */,
			);
			path = "Preview Content";
			sourceTree = "<group>";
		};
		F8DCE599240725C900740054 /* ViewController */ = {
			isa = PBXGroup;
			children = (
				F8656A1123F85D1D00FB4B51 /* CardViewController.swift */,
			);
			path = ViewController;
			sourceTree = "<group>";
		};
		F8DCE59A2407260400740054 /* Model */ = {
			isa = PBXGroup;
			children = (
				F8DCE59B2407262100740054 /* CardModel.swift */,
			);
			path = Model;
			sourceTree = "<group>";
		};
		F8DCE59F24073C6400740054 /* Data */ = {
			isa = PBXGroup;
			children = (
				F8DCE59D2407290E00740054 /* CardData.swift */,
			);
			path = Data;
			sourceTree = "<group>";
		};
		F8DCE5A024073C7600740054 /* View */ = {
			isa = PBXGroup;
			children = (
				F86569E523F8577600FB4B51 /* ContentView.swift */,
			);
			path = View;
			sourceTree = "<group>";
		};
		F8DCE5A12407524300740054 /* Files */ = {
			isa = PBXGroup;
			children = (
				F8DCE5A22407525100740054 /* sound-chime.mp3 */,
				F8DCE5A42407526B00740054 /* PlaySound.swift */,
			);
			path = Files;
			sourceTree = "<group>";
		};
/* End PBXGroup section */

/* Begin PBXNativeTarget section */
		F82D011724377BD1002CCFBD /* Stickers */ = {
			isa = PBXNativeTarget;
			buildConfigurationList = F82D012324377BD4002CCFBD /* Build configuration list for PBXNativeTarget "Stickers" */;
			buildPhases = (
				F82D011624377BD1002CCFBD /* Resources */,
			);
			buildRules = (
			);
			dependencies = (
			);
			name = Stickers;
			productName = Stickers;
			productReference = F82D011824377BD1002CCFBD /* Stickers of course.appex */;
			productType = "com.apple.product-type.app-extension.messages-sticker-pack";
		};
		F86569DD23F8577600FB4B51 /* SwiftUI Course */ = {
			isa = PBXNativeTarget;
			buildConfigurationList = F8656A0823F8577800FB4B51 /* Build configuration list for PBXNativeTarget "SwiftUI Course" */;
			buildPhases = (
				D0CA729D9CCC99C14534000E /* [CP] Check Pods Manifest.lock */,
				F86569DA23F8577600FB4B51 /* Sources */,
				F86569DB23F8577600FB4B51 /* Frameworks */,
				F86569DC23F8577600FB4B51 /* Resources */,
				F82D012024377BD4002CCFBD /* Embed App Extensions */,
			);
			buildRules = (
			);
			dependencies = (
				F82D011E24377BD4002CCFBD /* PBXTargetDependency */,
			);
			name = "SwiftUI Course";
			productName = "SwiftUI Course";
			productReference = F86569DE23F8577600FB4B51 /* SwiftUI Course.app */;
			productType = "com.apple.product-type.application";
		};
/* End PBXNativeTarget section */

/* Begin PBXProject section */
		F86569D623F8577600FB4B51 /* Project object */ = {
			isa = PBXProject;
			attributes = {
				LastSwiftUpdateCheck = 1130;
				LastUpgradeCheck = 1130;
				ORGANIZATIONNAME = "Daniel Vázquez";
				TargetAttributes = {
					F82D011724377BD1002CCFBD = {
						CreatedOnToolsVersion = 11.4;
					};
					F86569DD23F8577600FB4B51 = {
						CreatedOnToolsVersion = 11.3.1;
					};
				};
			};
			buildConfigurationList = F86569D923F8577600FB4B51 /* Build configuration list for PBXProject "SwiftUI Course" */;
			compatibilityVersion = "Xcode 9.3";
			developmentRegion = en;
			hasScannedForEncodings = 0;
			knownRegions = (
				en,
				Base,
			);
			mainGroup = F86569D523F8577600FB4B51;
			productRefGroup = F86569DF23F8577600FB4B51 /* Products */;
			projectDirPath = "";
			projectRoot = "";
			targets = (
				F86569DD23F8577600FB4B51 /* SwiftUI Course */,
				F82D011724377BD1002CCFBD /* Stickers */,
			);
		};
/* End PBXProject section */

/* Begin PBXResourcesBuildPhase section */
		F82D011624377BD1002CCFBD /* Resources */ = {
			isa = PBXResourcesBuildPhase;
			buildActionMask = 2147483647;
			files = (
				F82D011B24377BD4002CCFBD /* Stickers.xcassets in Resources */,
			);
			runOnlyForDeploymentPostprocessing = 0;
		};
		F86569DC23F8577600FB4B51 /* Resources */ = {
			isa = PBXResourcesBuildPhase;
			buildActionMask = 2147483647;
			files = (
				F86569EE23F8577800FB4B51 /* LaunchScreen.storyboard in Resources */,
				F8DCE5A32407525100740054 /* sound-chime.mp3 in Resources */,
				F86569EB23F8577800FB4B51 /* Preview Assets.xcassets in Resources */,
				F80629A8240B513900165160 /* GoogleService-Info.plist in Resources */,
				F86569E823F8577800FB4B51 /* Assets.xcassets in Resources */,
			);
			runOnlyForDeploymentPostprocessing = 0;
		};
/* End PBXResourcesBuildPhase section */

/* Begin PBXShellScriptBuildPhase section */
		D0CA729D9CCC99C14534000E /* [CP] Check Pods Manifest.lock */ = {
			isa = PBXShellScriptBuildPhase;
			buildActionMask = 2147483647;
			files = (
			);
			inputFileListPaths = (
			);
			inputPaths = (
				"${PODS_PODFILE_DIR_PATH}/Podfile.lock",
				"${PODS_ROOT}/Manifest.lock",
			);
			name = "[CP] Check Pods Manifest.lock";
			outputFileListPaths = (
			);
			outputPaths = (
				"$(DERIVED_FILE_DIR)/Pods-SwiftUI Course-checkManifestLockResult.txt",
			);
			runOnlyForDeploymentPostprocessing = 0;
			shellPath = /bin/sh;
			shellScript = "diff \"${PODS_PODFILE_DIR_PATH}/Podfile.lock\" \"${PODS_ROOT}/Manifest.lock\" > /dev/null\nif [ $? != 0 ] ; then\n    # print error to STDERR\n    echo \"error: The sandbox is not in sync with the Podfile.lock. Run 'pod install' or update your CocoaPods installation.\" >&2\n    exit 1\nfi\n# This output is used by Xcode 'outputs' to avoid re-running this script phase.\necho \"SUCCESS\" > \"${SCRIPT_OUTPUT_FILE_0}\"\n";
			showEnvVarsInLog = 0;
		};
/* End PBXShellScriptBuildPhase section */

/* Begin PBXSourcesBuildPhase section */
		F86569DA23F8577600FB4B51 /* Sources */ = {
			isa = PBXSourcesBuildPhase;
			buildActionMask = 2147483647;
			files = (
				F86569E223F8577600FB4B51 /* AppDelegate.swift in Sources */,
				F8DCE5A52407526B00740054 /* PlaySound.swift in Sources */,
				F86569E423F8577600FB4B51 /* SceneDelegate.swift in Sources */,
				F86569E623F8577600FB4B51 /* ContentView.swift in Sources */,
				F8DCE59E2407290E00740054 /* CardData.swift in Sources */,
				F8656A1223F85D1D00FB4B51 /* CardViewController.swift in Sources */,
				F8DCE59C2407262100740054 /* CardModel.swift in Sources */,
			);
			runOnlyForDeploymentPostprocessing = 0;
		};
/* End PBXSourcesBuildPhase section */

/* Begin PBXTargetDependency section */
		F82D011E24377BD4002CCFBD /* PBXTargetDependency */ = {
			isa = PBXTargetDependency;
			target = F82D011724377BD1002CCFBD /* Stickers */;
			targetProxy = F82D011D24377BD4002CCFBD /* PBXContainerItemProxy */;
		};
/* End PBXTargetDependency section */

/* Begin PBXVariantGroup section */
		F86569EC23F8577800FB4B51 /* LaunchScreen.storyboard */ = {
			isa = PBXVariantGroup;
			children = (
				F86569ED23F8577800FB4B51 /* Base */,
			);
			name = LaunchScreen.storyboard;
			sourceTree = "<group>";
		};
/* End PBXVariantGroup section */

/* Begin XCBuildConfiguration section */
		F82D012124377BD4002CCFBD /* Debug */ = {
			isa = XCBuildConfiguration;
			buildSettings = {
				ASSETCATALOG_COMPILER_APPICON_NAME = "iMessage App Icon";
				CODE_SIGN_STYLE = Automatic;
				DEVELOPMENT_TEAM = N7U747L4JR;
				INFOPLIST_FILE = Stickers/Info.plist;
				IPHONEOS_DEPLOYMENT_TARGET = 13.4;
				PRODUCT_BUNDLE_IDENTIFIER = com.donut.SwiftUiCourse123.Stickers;
				PRODUCT_NAME = "Stickers of course";
				SKIP_INSTALL = YES;
				TARGETED_DEVICE_FAMILY = "1,2";
			};
			name = Debug;
		};
		F82D012224377BD4002CCFBD /* Release */ = {
			isa = XCBuildConfiguration;
			buildSettings = {
				ASSETCATALOG_COMPILER_APPICON_NAME = "iMessage App Icon";
				CODE_SIGN_STYLE = Automatic;
				DEVELOPMENT_TEAM = N7U747L4JR;
				INFOPLIST_FILE = Stickers/Info.plist;
				IPHONEOS_DEPLOYMENT_TARGET = 13.4;
				PRODUCT_BUNDLE_IDENTIFIER = com.donut.SwiftUiCourse123.Stickers;
				PRODUCT_NAME = "Stickers of course";
				SKIP_INSTALL = YES;
				TARGETED_DEVICE_FAMILY = "1,2";
			};
			name = Release;
		};
		F8656A0623F8577800FB4B51 /* Debug */ = {
			isa = XCBuildConfiguration;
			buildSettings = {
				ALWAYS_SEARCH_USER_PATHS = NO;
				CLANG_ANALYZER_NONNULL = YES;
				CLANG_ANALYZER_NUMBER_OBJECT_CONVERSION = YES_AGGRESSIVE;
				CLANG_CXX_LANGUAGE_STANDARD = "gnu++14";
				CLANG_CXX_LIBRARY = "libc++";
				CLANG_ENABLE_MODULES = YES;
				CLANG_ENABLE_OBJC_ARC = YES;
				CLANG_ENABLE_OBJC_WEAK = YES;
				CLANG_WARN_BLOCK_CAPTURE_AUTORELEASING = YES;
				CLANG_WARN_BOOL_CONVERSION = YES;
				CLANG_WARN_COMMA = YES;
				CLANG_WARN_CONSTANT_CONVERSION = YES;
				CLANG_WARN_DEPRECATED_OBJC_IMPLEMENTATIONS = YES;
				CLANG_WARN_DIRECT_OBJC_ISA_USAGE = YES_ERROR;
				CLANG_WARN_DOCUMENTATION_COMMENTS = YES;
				CLANG_WARN_EMPTY_BODY = YES;
				CLANG_WARN_ENUM_CONVERSION = YES;
				CLANG_WARN_INFINITE_RECURSION = YES;
				CLANG_WARN_INT_CONVERSION = YES;
				CLANG_WARN_NON_LITERAL_NULL_CONVERSION = YES;
				CLANG_WARN_OBJC_IMPLICIT_RETAIN_SELF = YES;
				CLANG_WARN_OBJC_LITERAL_CONVERSION = YES;
				CLANG_WARN_OBJC_ROOT_CLASS = YES_ERROR;
				CLANG_WARN_RANGE_LOOP_ANALYSIS = YES;
				CLANG_WARN_STRICT_PROTOTYPES = YES;
				CLANG_WARN_SUSPICIOUS_MOVE = YES;
				CLANG_WARN_UNGUARDED_AVAILABILITY = YES_AGGRESSIVE;
				CLANG_WARN_UNREACHABLE_CODE = YES;
				CLANG_WARN__DUPLICATE_METHOD_MATCH = YES;
				COPY_PHASE_STRIP = NO;
				DEBUG_INFORMATION_FORMAT = dwarf;
				ENABLE_STRICT_OBJC_MSGSEND = YES;
				ENABLE_TESTABILITY = YES;
				GCC_C_LANGUAGE_STANDARD = gnu11;
				GCC_DYNAMIC_NO_PIC = NO;
				GCC_NO_COMMON_BLOCKS = YES;
				GCC_OPTIMIZATION_LEVEL = 0;
				GCC_PREPROCESSOR_DEFINITIONS = (
					"DEBUG=1",
					"$(inherited)",
				);
				GCC_WARN_64_TO_32_BIT_CONVERSION = YES;
				GCC_WARN_ABOUT_RETURN_TYPE = YES_ERROR;
				GCC_WARN_UNDECLARED_SELECTOR = YES;
				GCC_WARN_UNINITIALIZED_AUTOS = YES_AGGRESSIVE;
				GCC_WARN_UNUSED_FUNCTION = YES;
				GCC_WARN_UNUSED_VARIABLE = YES;
				IPHONEOS_DEPLOYMENT_TARGET = 13.2;
				MTL_ENABLE_DEBUG_INFO = INCLUDE_SOURCE;
				MTL_FAST_MATH = YES;
				ONLY_ACTIVE_ARCH = YES;
				SDKROOT = iphoneos;
				SWIFT_ACTIVE_COMPILATION_CONDITIONS = DEBUG;
				SWIFT_OPTIMIZATION_LEVEL = "-Onone";
			};
			name = Debug;
		};
		F8656A0723F8577800FB4B51 /* Release */ = {
			isa = XCBuildConfiguration;
			buildSettings = {
				ALWAYS_SEARCH_USER_PATHS = NO;
				CLANG_ANALYZER_NONNULL = YES;
				CLANG_ANALYZER_NUMBER_OBJECT_CONVERSION = YES_AGGRESSIVE;
				CLANG_CXX_LANGUAGE_STANDARD = "gnu++14";
				CLANG_CXX_LIBRARY = "libc++";
				CLANG_ENABLE_MODULES = YES;
				CLANG_ENABLE_OBJC_ARC = YES;
				CLANG_ENABLE_OBJC_WEAK = YES;
				CLANG_WARN_BLOCK_CAPTURE_AUTORELEASING = YES;
				CLANG_WARN_BOOL_CONVERSION = YES;
				CLANG_WARN_COMMA = YES;
				CLANG_WARN_CONSTANT_CONVERSION = YES;
				CLANG_WARN_DEPRECATED_OBJC_IMPLEMENTATIONS = YES;
				CLANG_WARN_DIRECT_OBJC_ISA_USAGE = YES_ERROR;
				CLANG_WARN_DOCUMENTATION_COMMENTS = YES;
				CLANG_WARN_EMPTY_BODY = YES;
				CLANG_WARN_ENUM_CONVERSION = YES;
				CLANG_WARN_INFINITE_RECURSION = YES;
				CLANG_WARN_INT_CONVERSION = YES;
				CLANG_WARN_NON_LITERAL_NULL_CONVERSION = YES;
				CLANG_WARN_OBJC_IMPLICIT_RETAIN_SELF = YES;
				CLANG_WARN_OBJC_LITERAL_CONVERSION = YES;
				CLANG_WARN_OBJC_ROOT_CLASS = YES_ERROR;
				CLANG_WARN_RANGE_LOOP_ANALYSIS = YES;
				CLANG_WARN_STRICT_PROTOTYPES = YES;
				CLANG_WARN_SUSPICIOUS_MOVE = YES;
				CLANG_WARN_UNGUARDED_AVAILABILITY = YES_AGGRESSIVE;
				CLANG_WARN_UNREACHABLE_CODE = YES;
				CLANG_WARN__DUPLICATE_METHOD_MATCH = YES;
				COPY_PHASE_STRIP = NO;
				DEBUG_INFORMATION_FORMAT = "dwarf-with-dsym";
				ENABLE_NS_ASSERTIONS = NO;
				ENABLE_STRICT_OBJC_MSGSEND = YES;
				GCC_C_LANGUAGE_STANDARD = gnu11;
				GCC_NO_COMMON_BLOCKS = YES;
				GCC_WARN_64_TO_32_BIT_CONVERSION = YES;
				GCC_WARN_ABOUT_RETURN_TYPE = YES_ERROR;
				GCC_WARN_UNDECLARED_SELECTOR = YES;
				GCC_WARN_UNINITIALIZED_AUTOS = YES_AGGRESSIVE;
				GCC_WARN_UNUSED_FUNCTION = YES;
				GCC_WARN_UNUSED_VARIABLE = YES;
				IPHONEOS_DEPLOYMENT_TARGET = 13.2;
				MTL_ENABLE_DEBUG_INFO = NO;
				MTL_FAST_MATH = YES;
				SDKROOT = iphoneos;
				SWIFT_COMPILATION_MODE = wholemodule;
				SWIFT_OPTIMIZATION_LEVEL = "-O";
				VALIDATE_PRODUCT = YES;
			};
			name = Release;
		};
		F8656A0923F8577800FB4B51 /* Debug */ = {
			isa = XCBuildConfiguration;
			baseConfigurationReference = 629449DEB4B0B247075CCFCD /* Pods-SwiftUI Course.debug.xcconfig */;
			buildSettings = {
				ASSETCATALOG_COMPILER_APPICON_NAME = AppIcon;
				CODE_SIGN_STYLE = Automatic;
				DEVELOPMENT_ASSET_PATHS = "\"SwiftUI Course/Preview Content\"";
				DEVELOPMENT_TEAM = N7U747L4JR;
				ENABLE_PREVIEWS = YES;
				INFOPLIST_FILE = "SwiftUI Course/Info.plist";
				LD_RUNPATH_SEARCH_PATHS = (
					"$(inherited)",
					"@executable_path/Frameworks",
				);
				PRODUCT_BUNDLE_IDENTIFIER = com.donut.SwiftUiCourse123;
				PRODUCT_NAME = "$(TARGET_NAME)";
				SWIFT_VERSION = 5.0;
				TARGETED_DEVICE_FAMILY = "1,2";
			};
			name = Debug;
		};
		F8656A0A23F8577800FB4B51 /* Release */ = {
			isa = XCBuildConfiguration;
			baseConfigurationReference = 1E6473D1C16CE8C70BAF2B81 /* Pods-SwiftUI Course.release.xcconfig */;
			buildSettings = {
				ASSETCATALOG_COMPILER_APPICON_NAME = AppIcon;
				CODE_SIGN_STYLE = Automatic;
				DEVELOPMENT_ASSET_PATHS = "\"SwiftUI Course/Preview Content\"";
				DEVELOPMENT_TEAM = N7U747L4JR;
				ENABLE_PREVIEWS = YES;
				INFOPLIST_FILE = "SwiftUI Course/Info.plist";
				LD_RUNPATH_SEARCH_PATHS = (
					"$(inherited)",
					"@executable_path/Frameworks",
				);
				PRODUCT_BUNDLE_IDENTIFIER = com.donut.SwiftUiCourse123;
				PRODUCT_NAME = "$(TARGET_NAME)";
				SWIFT_VERSION = 5.0;
				TARGETED_DEVICE_FAMILY = "1,2";
			};
			name = Release;
		};
/* End XCBuildConfiguration section */

/* Begin XCConfigurationList section */
		F82D012324377BD4002CCFBD /* Build configuration list for PBXNativeTarget "Stickers" */ = {
			isa = XCConfigurationList;
			buildConfigurations = (
				F82D012124377BD4002CCFBD /* Debug */,
				F82D012224377BD4002CCFBD /* Release */,
			);
			defaultConfigurationIsVisible = 0;
			defaultConfigurationName = Release;
		};
		F86569D923F8577600FB4B51 /* Build configuration list for PBXProject "SwiftUI Course" */ = {
			isa = XCConfigurationList;
			buildConfigurations = (
				F8656A0623F8577800FB4B51 /* Debug */,
				F8656A0723F8577800FB4B51 /* Release */,
			);
			defaultConfigurationIsVisible = 0;
			defaultConfigurationName = Release;
		};
		F8656A0823F8577800FB4B51 /* Build configuration list for PBXNativeTarget "SwiftUI Course" */ = {
			isa = XCConfigurationList;
			buildConfigurations = (
				F8656A0923F8577800FB4B51 /* Debug */,
				F8656A0A23F8577800FB4B51 /* Release */,
			);
			defaultConfigurationIsVisible = 0;
			defaultConfigurationName = Release;
		};
/* End XCConfigurationList section */
	};
	rootObject = F86569D623F8577600FB4B51 /* Project object */;
}
