// !$*UTF8*$!
{
	archiveVersion = 1;
	classes = {
	};
	objectVersion = 50;
	objects = {

/* Begin PBXBuildFile section */
		F86569E223F8577600FB4B51 /* AppDelegate.swift in Sources */ = {isa = PBXBuildFile; fileRef = F86569E123F8577600FB4B51 /* AppDelegate.swift */; };
		F86569E423F8577600FB4B51 /* SceneDelegate.swift in Sources */ = {isa = PBXBuildFile; fileRef = F86569E323F8577600FB4B51 /* SceneDelegate.swift */; };
		F86569E623F8577600FB4B51 /* ContentView.swift in Sources */ = {isa = PBXBuildFile; fileRef = F86569E523F8577600FB4B51 /* ContentView.swift */; };
		F86569E823F8577800FB4B51 /* Assets.xcassets in Resources */ = {isa = PBXBuildFile; fileRef = F86569E723F8577800FB4B51 /* Assets.xcassets */; };
		F86569EB23F8577800FB4B51 /* Preview Assets.xcassets in Resources */ = {isa = PBXBuildFile; fileRef = F86569EA23F8577800FB4B51 /* Preview Assets.xcassets */; };
		F86569EE23F8577800FB4B51 /* LaunchScreen.storyboard in Resources */ = {isa = PBXBuildFile; fileRef = F86569EC23F8577800FB4B51 /* LaunchScreen.storyboard */; };
		F86569F923F8577800FB4B51 /* SwiftUI_CourseTests.swift in Sources */ = {isa = PBXBuildFile; fileRef = F86569F823F8577800FB4B51 /* SwiftUI_CourseTests.swift */; };
		F8656A0423F8577800FB4B51 /* SwiftUI_CourseUITests.swift in Sources */ = {isa = PBXBuildFile; fileRef = F8656A0323F8577800FB4B51 /* SwiftUI_CourseUITests.swift */; };
		F8656A1223F85D1D00FB4B51 /* CardViewController.swift in Sources */ = {isa = PBXBuildFile; fileRef = F8656A1123F85D1D00FB4B51 /* CardViewController.swift */; };
		F8DCE59C2407262100740054 /* CardModel.swift in Sources */ = {isa = PBXBuildFile; fileRef = F8DCE59B2407262100740054 /* CardModel.swift */; };
		F8DCE59E2407290E00740054 /* CardData.swift in Sources */ = {isa = PBXBuildFile; fileRef = F8DCE59D2407290E00740054 /* CardData.swift */; };
/* End PBXBuildFile section */

/* Begin PBXContainerItemProxy section */
		F86569F523F8577800FB4B51 /* PBXContainerItemProxy */ = {
			isa = PBXContainerItemProxy;
			containerPortal = F86569D623F8577600FB4B51 /* Project object */;
			proxyType = 1;
			remoteGlobalIDString = F86569DD23F8577600FB4B51;
			remoteInfo = "SwiftUI Course";
		};
		F8656A0023F8577800FB4B51 /* PBXContainerItemProxy */ = {
			isa = PBXContainerItemProxy;
			containerPortal = F86569D623F8577600FB4B51 /* Project object */;
			proxyType = 1;
			remoteGlobalIDString = F86569DD23F8577600FB4B51;
			remoteInfo = "SwiftUI Course";
		};
/* End PBXContainerItemProxy section */

/* Begin PBXFileReference section */
		F86569DE23F8577600FB4B51 /* SwiftUI Course.app */ = {isa = PBXFileReference; explicitFileType = wrapper.application; includeInIndex = 0; path = "SwiftUI Course.app"; sourceTree = BUILT_PRODUCTS_DIR; };
		F86569E123F8577600FB4B51 /* AppDelegate.swift */ = {isa = PBXFileReference; lastKnownFileType = sourcecode.swift; path = AppDelegate.swift; sourceTree = "<group>"; };
		F86569E323F8577600FB4B51 /* SceneDelegate.swift */ = {isa = PBXFileReference; lastKnownFileType = sourcecode.swift; path = SceneDelegate.swift; sourceTree = "<group>"; };
		F86569E523F8577600FB4B51 /* ContentView.swift */ = {isa = PBXFileReference; lastKnownFileType = sourcecode.swift; path = ContentView.swift; sourceTree = "<group>"; };
		F86569E723F8577800FB4B51 /* Assets.xcassets */ = {isa = PBXFileReference; lastKnownFileType = folder.assetcatalog; path = Assets.xcassets; sourceTree = "<group>"; };
		F86569EA23F8577800FB4B51 /* Preview Assets.xcassets */ = {isa = PBXFileReference; lastKnownFileType = folder.assetcatalog; path = "Preview Assets.xcassets"; sourceTree = "<group>"; };
		F86569ED23F8577800FB4B51 /* Base */ = {isa = PBXFileReference; lastKnownFileType = file.storyboard; name = Base; path = Base.lproj/LaunchScreen.storyboard; sourceTree = "<group>"; };
		F86569EF23F8577800FB4B51 /* Info.plist */ = {isa = PBXFileReference; lastKnownFileType = text.plist.xml; path = Info.plist; sourceTree = "<group>"; };
		F86569F423F8577800FB4B51 /* SwiftUI CourseTests.xctest */ = {isa = PBXFileReference; explicitFileType = wrapper.cfbundle; includeInIndex = 0; path = "SwiftUI CourseTests.xctest"; sourceTree = BUILT_PRODUCTS_DIR; };
		F86569F823F8577800FB4B51 /* SwiftUI_CourseTests.swift */ = {isa = PBXFileReference; lastKnownFileType = sourcecode.swift; path = SwiftUI_CourseTests.swift; sourceTree = "<group>"; };
		F86569FA23F8577800FB4B51 /* Info.plist */ = {isa = PBXFileReference; lastKnownFileType = text.plist.xml; path = Info.plist; sourceTree = "<group>"; };
		F86569FF23F8577800FB4B51 /* SwiftUI CourseUITests.xctest */ = {isa = PBXFileReference; explicitFileType = wrapper.cfbundle; includeInIndex = 0; path = "SwiftUI CourseUITests.xctest"; sourceTree = BUILT_PRODUCTS_DIR; };
		F8656A0323F8577800FB4B51 /* SwiftUI_CourseUITests.swift */ = {isa = PBXFileReference; lastKnownFileType = sourcecode.swift; path = SwiftUI_CourseUITests.swift; sourceTree = "<group>"; };
		F8656A0523F8577800FB4B51 /* Info.plist */ = {isa = PBXFileReference; lastKnownFileType = text.plist.xml; path = Info.plist; sourceTree = "<group>"; };
		F8656A1123F85D1D00FB4B51 /* CardViewController.swift */ = {isa = PBXFileReference; lastKnownFileType = sourcecode.swift; path = CardViewController.swift; sourceTree = "<group>"; };
		F8DCE59B2407262100740054 /* CardModel.swift */ = {isa = PBXFileReference; lastKnownFileType = sourcecode.swift; path = CardModel.swift; sourceTree = "<group>"; };
		F8DCE59D2407290E00740054 /* CardData.swift */ = {isa = PBXFileReference; lastKnownFileType = sourcecode.swift; path = CardData.swift; sourceTree = "<group>"; };
/* End PBXFileReference section */

/* Begin PBXFrameworksBuildPhase section */
		F86569DB23F8577600FB4B51 /* Frameworks */ = {
			isa = PBXFrameworksBuildPhase;
			buildActionMask = 2147483647;
			files = (
			);
			runOnlyForDeploymentPostprocessing = 0;
		};
		F86569F123F8577800FB4B51 /* Frameworks */ = {
			isa = PBXFrameworksBuildPhase;
			buildActionMask = 2147483647;
			files = (
			);
			runOnlyForDeploymentPostprocessing = 0;
		};
		F86569FC23F8577800FB4B51 /* Frameworks */ = {
			isa = PBXFrameworksBuildPhase;
			buildActionMask = 2147483647;
			files = (
			);
			runOnlyForDeploymentPostprocessing = 0;
		};
/* End PBXFrameworksBuildPhase section */

/* Begin PBXGroup section */
		F86569D523F8577600FB4B51 = {
			isa = PBXGroup;
			children = (
				F86569E023F8577600FB4B51 /* SwiftUI Course */,
				F86569F723F8577800FB4B51 /* SwiftUI CourseTests */,
				F8656A0223F8577800FB4B51 /* SwiftUI CourseUITests */,
				F86569DF23F8577600FB4B51 /* Products */,
			);
			sourceTree = "<group>";
		};
		F86569DF23F8577600FB4B51 /* Products */ = {
			isa = PBXGroup;
			children = (
				F86569DE23F8577600FB4B51 /* SwiftUI Course.app */,
				F86569F423F8577800FB4B51 /* SwiftUI CourseTests.xctest */,
				F86569FF23F8577800FB4B51 /* SwiftUI CourseUITests.xctest */,
			);
			name = Products;
			sourceTree = "<group>";
		};
		F86569E023F8577600FB4B51 /* SwiftUI Course */ = {
			isa = PBXGroup;
			children = (
				F8DCE5A024073C7600740054 /* View */,
				F8DCE59F24073C6400740054 /* Data */,
				F8DCE59A2407260400740054 /* Model */,
				F8DCE599240725C900740054 /* ViewController */,
				F86569E123F8577600FB4B51 /* AppDelegate.swift */,
				F86569E323F8577600FB4B51 /* SceneDelegate.swift */,
				F86569E723F8577800FB4B51 /* Assets.xcassets */,
				F86569EC23F8577800FB4B51 /* LaunchScreen.storyboard */,
				F86569EF23F8577800FB4B51 /* Info.plist */,
				F86569E923F8577800FB4B51 /* Preview Content */,
			);
			path = "SwiftUI Course";
			sourceTree = "<group>";
		};
		F86569E923F8577800FB4B51 /* Preview Content */ = {
			isa = PBXGroup;
			children = (
				F86569EA23F8577800FB4B51 /* Preview Assets.xcassets */,
			);
			path = "Preview Content";
			sourceTree = "<group>";
		};
		F86569F723F8577800FB4B51 /* SwiftUI CourseTests */ = {
			isa = PBXGroup;
			children = (
				F86569F823F8577800FB4B51 /* SwiftUI_CourseTests.swift */,
				F86569FA23F8577800FB4B51 /* Info.plist */,
			);
			path = "SwiftUI CourseTests";
			sourceTree = "<group>";
		};
		F8656A0223F8577800FB4B51 /* SwiftUI CourseUITests */ = {
			isa = PBXGroup;
			children = (
				F8656A0323F8577800FB4B51 /* SwiftUI_CourseUITests.swift */,
				F8656A0523F8577800FB4B51 /* Info.plist */,
			);
			path = "SwiftUI CourseUITests";
			sourceTree = "<group>";
		};
		F8DCE599240725C900740054 /* ViewController */ = {
			isa = PBXGroup;
			children = (
				F8656A1123F85D1D00FB4B51 /* CardViewController.swift */,
			);
			path = ViewController;
			sourceTree = "<group>";
		};
		F8DCE59A2407260400740054 /* Model */ = {
			isa = PBXGroup;
			children = (
				F8DCE59B2407262100740054 /* CardModel.swift */,
			);
			path = Model;
			sourceTree = "<group>";
		};
		F8DCE59F24073C6400740054 /* Data */ = {
			isa = PBXGroup;
			children = (
				F8DCE59D2407290E00740054 /* CardData.swift */,
			);
			path = Data;
			sourceTree = "<group>";
		};
		F8DCE5A024073C7600740054 /* View */ = {
			isa = PBXGroup;
			children = (
				F86569E523F8577600FB4B51 /* ContentView.swift */,
			);
			path = View;
			sourceTree = "<group>";
		};
/* End PBXGroup section */

/* Begin PBXNativeTarget section */
		F86569DD23F8577600FB4B51 /* SwiftUI Course */ = {
			isa = PBXNativeTarget;
			buildConfigurationList = F8656A0823F8577800FB4B51 /* Build configuration list for PBXNativeTarget "SwiftUI Course" */;
			buildPhases = (
				F86569DA23F8577600FB4B51 /* Sources */,
				F86569DB23F8577600FB4B51 /* Frameworks */,
				F86569DC23F8577600FB4B51 /* Resources */,
			);
			buildRules = (
			);
			dependencies = (
			);
			name = "SwiftUI Course";
			productName = "SwiftUI Course";
			productReference = F86569DE23F8577600FB4B51 /* SwiftUI Course.app */;
			productType = "com.apple.product-type.application";
		};
		F86569F323F8577800FB4B51 /* SwiftUI CourseTests */ = {
			isa = PBXNativeTarget;
			buildConfigurationList = F8656A0B23F8577800FB4B51 /* Build configuration list for PBXNativeTarget "SwiftUI CourseTests" */;
			buildPhases = (
				F86569F023F8577800FB4B51 /* Sources */,
				F86569F123F8577800FB4B51 /* Frameworks */,
				F86569F223F8577800FB4B51 /* Resources */,
			);
			buildRules = (
			);
			dependencies = (
				F86569F623F8577800FB4B51 /* PBXTargetDependency */,
			);
			name = "SwiftUI CourseTests";
			productName = "SwiftUI CourseTests";
			productReference = F86569F423F8577800FB4B51 /* SwiftUI CourseTests.xctest */;
			productType = "com.apple.product-type.bundle.unit-test";
		};
		F86569FE23F8577800FB4B51 /* SwiftUI CourseUITests */ = {
			isa = PBXNativeTarget;
			buildConfigurationList = F8656A0E23F8577800FB4B51 /* Build configuration list for PBXNativeTarget "SwiftUI CourseUITests" */;
			buildPhases = (
				F86569FB23F8577800FB4B51 /* Sources */,
				F86569FC23F8577800FB4B51 /* Frameworks */,
				F86569FD23F8577800FB4B51 /* Resources */,
			);
			buildRules = (
			);
			dependencies = (
				F8656A0123F8577800FB4B51 /* PBXTargetDependency */,
			);
			name = "SwiftUI CourseUITests";
			productName = "SwiftUI CourseUITests";
			productReference = F86569FF23F8577800FB4B51 /* SwiftUI CourseUITests.xctest */;
			productType = "com.apple.product-type.bundle.ui-testing";
		};
/* End PBXNativeTarget section */

/* Begin PBXProject section */
		F86569D623F8577600FB4B51 /* Project object */ = {
			isa = PBXProject;
			attributes = {
				LastSwiftUpdateCheck = 1130;
				LastUpgradeCheck = 1130;
				ORGANIZATIONNAME = "Daniel Vázquez";
				TargetAttributes = {
					F86569DD23F8577600FB4B51 = {
						CreatedOnToolsVersion = 11.3.1;
					};
					F86569F323F8577800FB4B51 = {
						CreatedOnToolsVersion = 11.3.1;
						TestTargetID = F86569DD23F8577600FB4B51;
					};
					F86569FE23F8577800FB4B51 = {
						CreatedOnToolsVersion = 11.3.1;
						TestTargetID = F86569DD23F8577600FB4B51;
					};
				};
			};
			buildConfigurationList = F86569D923F8577600FB4B51 /* Build configuration list for PBXProject "SwiftUI Course" */;
			compatibilityVersion = "Xcode 9.3";
			developmentRegion = en;
			hasScannedForEncodings = 0;
			knownRegions = (
				en,
				Base,
			);
			mainGroup = F86569D523F8577600FB4B51;
			productRefGroup = F86569DF23F8577600FB4B51 /* Products */;
			projectDirPath = "";
			projectRoot = "";
			targets = (
				F86569DD23F8577600FB4B51 /* SwiftUI Course */,
				F86569F323F8577800FB4B51 /* SwiftUI CourseTests */,
				F86569FE23F8577800FB4B51 /* SwiftUI CourseUITests */,
			);
		};
/* End PBXProject section */

/* Begin PBXResourcesBuildPhase section */
		F86569DC23F8577600FB4B51 /* Resources */ = {
			isa = PBXResourcesBuildPhase;
			buildActionMask = 2147483647;
			files = (
				F86569EE23F8577800FB4B51 /* LaunchScreen.storyboard in Resources */,
				F86569EB23F8577800FB4B51 /* Preview Assets.xcassets in Resources */,
				F86569E823F8577800FB4B51 /* Assets.xcassets in Resources */,
			);
			runOnlyForDeploymentPostprocessing = 0;
		};
		F86569F223F8577800FB4B51 /* Resources */ = {
			isa = PBXResourcesBuildPhase;
			buildActionMask = 2147483647;
			files = (
			);
			runOnlyForDeploymentPostprocessing = 0;
		};
		F86569FD23F8577800FB4B51 /* Resources */ = {
			isa = PBXResourcesBuildPhase;
			buildActionMask = 2147483647;
			files = (
			);
			runOnlyForDeploymentPostprocessing = 0;
		};
/* End PBXResourcesBuildPhase section */

/* Begin PBXSourcesBuildPhase section */
		F86569DA23F8577600FB4B51 /* Sources */ = {
			isa = PBXSourcesBuildPhase;
			buildActionMask = 2147483647;
			files = (
				F86569E223F8577600FB4B51 /* AppDelegate.swift in Sources */,
				F86569E423F8577600FB4B51 /* SceneDelegate.swift in Sources */,
				F86569E623F8577600FB4B51 /* ContentView.swift in Sources */,
				F8DCE59E2407290E00740054 /* CardData.swift in Sources */,
				F8656A1223F85D1D00FB4B51 /* CardViewController.swift in Sources */,
				F8DCE59C2407262100740054 /* CardModel.swift in Sources */,
			);
			runOnlyForDeploymentPostprocessing = 0;
		};
		F86569F023F8577800FB4B51 /* Sources */ = {
			isa = PBXSourcesBuildPhase;
			buildActionMask = 2147483647;
			files = (
				F86569F923F8577800FB4B51 /* SwiftUI_CourseTests.swift in Sources */,
			);
			runOnlyForDeploymentPostprocessing = 0;
		};
		F86569FB23F8577800FB4B51 /* Sources */ = {
			isa = PBXSourcesBuildPhase;
			buildActionMask = 2147483647;
			files = (
				F8656A0423F8577800FB4B51 /* SwiftUI_CourseUITests.swift in Sources */,
			);
			runOnlyForDeploymentPostprocessing = 0;
		};
/* End PBXSourcesBuildPhase section */

/* Begin PBXTargetDependency section */
		F86569F623F8577800FB4B51 /* PBXTargetDependency */ = {
			isa = PBXTargetDependency;
			target = F86569DD23F8577600FB4B51 /* SwiftUI Course */;
			targetProxy = F86569F523F8577800FB4B51 /* PBXContainerItemProxy */;
		};
		F8656A0123F8577800FB4B51 /* PBXTargetDependency */ = {
			isa = PBXTargetDependency;
			target = F86569DD23F8577600FB4B51 /* SwiftUI Course */;
			targetProxy = F8656A0023F8577800FB4B51 /* PBXContainerItemProxy */;
		};
/* End PBXTargetDependency section */

/* Begin PBXVariantGroup section */
		F86569EC23F8577800FB4B51 /* LaunchScreen.storyboard */ = {
			isa = PBXVariantGroup;
			children = (
				F86569ED23F8577800FB4B51 /* Base */,
			);
			name = LaunchScreen.storyboard;
			sourceTree = "<group>";
		};
/* End PBXVariantGroup section */

/* Begin XCBuildConfiguration section */
		F8656A0623F8577800FB4B51 /* Debug */ = {
			isa = XCBuildConfiguration;
			buildSettings = {
				ALWAYS_SEARCH_USER_PATHS = NO;
				CLANG_ANALYZER_NONNULL = YES;
				CLANG_ANALYZER_NUMBER_OBJECT_CONVERSION = YES_AGGRESSIVE;
				CLANG_CXX_LANGUAGE_STANDARD = "gnu++14";
				CLANG_CXX_LIBRARY = "libc++";
				CLANG_ENABLE_MODULES = YES;
				CLANG_ENABLE_OBJC_ARC = YES;
				CLANG_ENABLE_OBJC_WEAK = YES;
				CLANG_WARN_BLOCK_CAPTURE_AUTORELEASING = YES;
				CLANG_WARN_BOOL_CONVERSION = YES;
				CLANG_WARN_COMMA = YES;
				CLANG_WARN_CONSTANT_CONVERSION = YES;
				CLANG_WARN_DEPRECATED_OBJC_IMPLEMENTATIONS = YES;
				CLANG_WARN_DIRECT_OBJC_ISA_USAGE = YES_ERROR;
				CLANG_WARN_DOCUMENTATION_COMMENTS = YES;
				CLANG_WARN_EMPTY_BODY = YES;
				CLANG_WARN_ENUM_CONVERSION = YES;
				CLANG_WARN_INFINITE_RECURSION = YES;
				CLANG_WARN_INT_CONVERSION = YES;
				CLANG_WARN_NON_LITERAL_NULL_CONVERSION = YES;
				CLANG_WARN_OBJC_IMPLICIT_RETAIN_SELF = YES;
				CLANG_WARN_OBJC_LITERAL_CONVERSION = YES;
				CLANG_WARN_OBJC_ROOT_CLASS = YES_ERROR;
				CLANG_WARN_RANGE_LOOP_ANALYSIS = YES;
				CLANG_WARN_STRICT_PROTOTYPES = YES;
				CLANG_WARN_SUSPICIOUS_MOVE = YES;
				CLANG_WARN_UNGUARDED_AVAILABILITY = YES_AGGRESSIVE;
				CLANG_WARN_UNREACHABLE_CODE = YES;
				CLANG_WARN__DUPLICATE_METHOD_MATCH = YES;
				COPY_PHASE_STRIP = NO;
				DEBUG_INFORMATION_FORMAT = dwarf;
				ENABLE_STRICT_OBJC_MSGSEND = YES;
				ENABLE_TESTABILITY = YES;
				GCC_C_LANGUAGE_STANDARD = gnu11;
				GCC_DYNAMIC_NO_PIC = NO;
				GCC_NO_COMMON_BLOCKS = YES;
				GCC_OPTIMIZATION_LEVEL = 0;
				GCC_PREPROCESSOR_DEFINITIONS = (
					"DEBUG=1",
					"$(inherited)",
				);
				GCC_WARN_64_TO_32_BIT_CONVERSION = YES;
				GCC_WARN_ABOUT_RETURN_TYPE = YES_ERROR;
				GCC_WARN_UNDECLARED_SELECTOR = YES;
				GCC_WARN_UNINITIALIZED_AUTOS = YES_AGGRESSIVE;
				GCC_WARN_UNUSED_FUNCTION = YES;
				GCC_WARN_UNUSED_VARIABLE = YES;
				IPHONEOS_DEPLOYMENT_TARGET = 13.2;
				MTL_ENABLE_DEBUG_INFO = INCLUDE_SOURCE;
				MTL_FAST_MATH = YES;
				ONLY_ACTIVE_ARCH = YES;
				SDKROOT = iphoneos;
				SWIFT_ACTIVE_COMPILATION_CONDITIONS = DEBUG;
				SWIFT_OPTIMIZATION_LEVEL = "-Onone";
			};
			name = Debug;
		};
		F8656A0723F8577800FB4B51 /* Release */ = {
			isa = XCBuildConfiguration;
			buildSettings = {
				ALWAYS_SEARCH_USER_PATHS = NO;
				CLANG_ANALYZER_NONNULL = YES;
				CLANG_ANALYZER_NUMBER_OBJECT_CONVERSION = YES_AGGRESSIVE;
				CLANG_CXX_LANGUAGE_STANDARD = "gnu++14";
				CLANG_CXX_LIBRARY = "libc++";
				CLANG_ENABLE_MODULES = YES;
				CLANG_ENABLE_OBJC_ARC = YES;
				CLANG_ENABLE_OBJC_WEAK = YES;
				CLANG_WARN_BLOCK_CAPTURE_AUTORELEASING = YES;
				CLANG_WARN_BOOL_CONVERSION = YES;
				CLANG_WARN_COMMA = YES;
				CLANG_WARN_CONSTANT_CONVERSION = YES;
				CLANG_WARN_DEPRECATED_OBJC_IMPLEMENTATIONS = YES;
				CLANG_WARN_DIRECT_OBJC_ISA_USAGE = YES_ERROR;
				CLANG_WARN_DOCUMENTATION_COMMENTS = YES;
				CLANG_WARN_EMPTY_BODY = YES;
				CLANG_WARN_ENUM_CONVERSION = YES;
				CLANG_WARN_INFINITE_RECURSION = YES;
				CLANG_WARN_INT_CONVERSION = YES;
				CLANG_WARN_NON_LITERAL_NULL_CONVERSION = YES;
				CLANG_WARN_OBJC_IMPLICIT_RETAIN_SELF = YES;
				CLANG_WARN_OBJC_LITERAL_CONVERSION = YES;
				CLANG_WARN_OBJC_ROOT_CLASS = YES_ERROR;
				CLANG_WARN_RANGE_LOOP_ANALYSIS = YES;
				CLANG_WARN_STRICT_PROTOTYPES = YES;
				CLANG_WARN_SUSPICIOUS_MOVE = YES;
				CLANG_WARN_UNGUARDED_AVAILABILITY = YES_AGGRESSIVE;
				CLANG_WARN_UNREACHABLE_CODE = YES;
				CLANG_WARN__DUPLICATE_METHOD_MATCH = YES;
				COPY_PHASE_STRIP = NO;
				DEBUG_INFORMATION_FORMAT = "dwarf-with-dsym";
				ENABLE_NS_ASSERTIONS = NO;
				ENABLE_STRICT_OBJC_MSGSEND = YES;
				GCC_C_LANGUAGE_STANDARD = gnu11;
				GCC_NO_COMMON_BLOCKS = YES;
				GCC_WARN_64_TO_32_BIT_CONVERSION = YES;
				GCC_WARN_ABOUT_RETURN_TYPE = YES_ERROR;
				GCC_WARN_UNDECLARED_SELECTOR = YES;
				GCC_WARN_UNINITIALIZED_AUTOS = YES_AGGRESSIVE;
				GCC_WARN_UNUSED_FUNCTION = YES;
				GCC_WARN_UNUSED_VARIABLE = YES;
				IPHONEOS_DEPLOYMENT_TARGET = 13.2;
				MTL_ENABLE_DEBUG_INFO = NO;
				MTL_FAST_MATH = YES;
				SDKROOT = iphoneos;
				SWIFT_COMPILATION_MODE = wholemodule;
				SWIFT_OPTIMIZATION_LEVEL = "-O";
				VALIDATE_PRODUCT = YES;
			};
			name = Release;
		};
		F8656A0923F8577800FB4B51 /* Debug */ = {
			isa = XCBuildConfiguration;
			buildSettings = {
				ASSETCATALOG_COMPILER_APPICON_NAME = AppIcon;
				CODE_SIGN_STYLE = Automatic;
				DEVELOPMENT_ASSET_PATHS = "\"SwiftUI Course/Preview Content\"";
				ENABLE_PREVIEWS = YES;
				INFOPLIST_FILE = "SwiftUI Course/Info.plist";
				LD_RUNPATH_SEARCH_PATHS = (
					"$(inherited)",
					"@executable_path/Frameworks",
				);
				PRODUCT_BUNDLE_IDENTIFIER = "com.donut.SwiftUI-Course";
				PRODUCT_NAME = "$(TARGET_NAME)";
				SWIFT_VERSION = 5.0;
				TARGETED_DEVICE_FAMILY = "1,2";
			};
			name = Debug;
		};
		F8656A0A23F8577800FB4B51 /* Release */ = {
			isa = XCBuildConfiguration;
			buildSettings = {
				ASSETCATALOG_COMPILER_APPICON_NAME = AppIcon;
				CODE_SIGN_STYLE = Automatic;
				DEVELOPMENT_ASSET_PATHS = "\"SwiftUI Course/Preview Content\"";
				ENABLE_PREVIEWS = YES;
				INFOPLIST_FILE = "SwiftUI Course/Info.plist";
				LD_RUNPATH_SEARCH_PATHS = (
					"$(inherited)",
					"@executable_path/Frameworks",
				);
				PRODUCT_BUNDLE_IDENTIFIER = "com.donut.SwiftUI-Course";
				PRODUCT_NAME = "$(TARGET_NAME)";
				SWIFT_VERSION = 5.0;
				TARGETED_DEVICE_FAMILY = "1,2";
			};
			name = Release;
		};
		F8656A0C23F8577800FB4B51 /* Debug */ = {
			isa = XCBuildConfiguration;
			buildSettings = {
				ALWAYS_EMBED_SWIFT_STANDARD_LIBRARIES = YES;
				BUNDLE_LOADER = "$(TEST_HOST)";
				CODE_SIGN_STYLE = Automatic;
				INFOPLIST_FILE = "SwiftUI CourseTests/Info.plist";
				IPHONEOS_DEPLOYMENT_TARGET = 13.2;
				LD_RUNPATH_SEARCH_PATHS = (
					"$(inherited)",
					"@executable_path/Frameworks",
					"@loader_path/Frameworks",
				);
				PRODUCT_BUNDLE_IDENTIFIER = "com.donut.SwiftUI-CourseTests";
				PRODUCT_NAME = "$(TARGET_NAME)";
				SWIFT_VERSION = 5.0;
				TARGETED_DEVICE_FAMILY = "1,2";
				TEST_HOST = "$(BUILT_PRODUCTS_DIR)/SwiftUI Course.app/SwiftUI Course";
			};
			name = Debug;
		};
		F8656A0D23F8577800FB4B51 /* Release */ = {
			isa = XCBuildConfiguration;
			buildSettings = {
				ALWAYS_EMBED_SWIFT_STANDARD_LIBRARIES = YES;
				BUNDLE_LOADER = "$(TEST_HOST)";
				CODE_SIGN_STYLE = Automatic;
				INFOPLIST_FILE = "SwiftUI CourseTests/Info.plist";
				IPHONEOS_DEPLOYMENT_TARGET = 13.2;
				LD_RUNPATH_SEARCH_PATHS = (
					"$(inherited)",
					"@executable_path/Frameworks",
					"@loader_path/Frameworks",
				);
				PRODUCT_BUNDLE_IDENTIFIER = "com.donut.SwiftUI-CourseTests";
				PRODUCT_NAME = "$(TARGET_NAME)";
				SWIFT_VERSION = 5.0;
				TARGETED_DEVICE_FAMILY = "1,2";
				TEST_HOST = "$(BUILT_PRODUCTS_DIR)/SwiftUI Course.app/SwiftUI Course";
			};
			name = Release;
		};
		F8656A0F23F8577800FB4B51 /* Debug */ = {
			isa = XCBuildConfiguration;
			buildSettings = {
				ALWAYS_EMBED_SWIFT_STANDARD_LIBRARIES = YES;
				CODE_SIGN_STYLE = Automatic;
				INFOPLIST_FILE = "SwiftUI CourseUITests/Info.plist";
				LD_RUNPATH_SEARCH_PATHS = (
					"$(inherited)",
					"@executable_path/Frameworks",
					"@loader_path/Frameworks",
				);
				PRODUCT_BUNDLE_IDENTIFIER = "com.donut.SwiftUI-CourseUITests";
				PRODUCT_NAME = "$(TARGET_NAME)";
				SWIFT_VERSION = 5.0;
				TARGETED_DEVICE_FAMILY = "1,2";
				TEST_TARGET_NAME = "SwiftUI Course";
			};
			name = Debug;
		};
		F8656A1023F8577800FB4B51 /* Release */ = {
			isa = XCBuildConfiguration;
			buildSettings = {
				ALWAYS_EMBED_SWIFT_STANDARD_LIBRARIES = YES;
				CODE_SIGN_STYLE = Automatic;
				INFOPLIST_FILE = "SwiftUI CourseUITests/Info.plist";
				LD_RUNPATH_SEARCH_PATHS = (
					"$(inherited)",
					"@executable_path/Frameworks",
					"@loader_path/Frameworks",
				);
				PRODUCT_BUNDLE_IDENTIFIER = "com.donut.SwiftUI-CourseUITests";
				PRODUCT_NAME = "$(TARGET_NAME)";
				SWIFT_VERSION = 5.0;
				TARGETED_DEVICE_FAMILY = "1,2";
				TEST_TARGET_NAME = "SwiftUI Course";
			};
			name = Release;
		};
/* End XCBuildConfiguration section */

/* Begin XCConfigurationList section */
		F86569D923F8577600FB4B51 /* Build configuration list for PBXProject "SwiftUI Course" */ = {
			isa = XCConfigurationList;
			buildConfigurations = (
				F8656A0623F8577800FB4B51 /* Debug */,
				F8656A0723F8577800FB4B51 /* Release */,
			);
			defaultConfigurationIsVisible = 0;
			defaultConfigurationName = Release;
		};
		F8656A0823F8577800FB4B51 /* Build configuration list for PBXNativeTarget "SwiftUI Course" */ = {
			isa = XCConfigurationList;
			buildConfigurations = (
				F8656A0923F8577800FB4B51 /* Debug */,
				F8656A0A23F8577800FB4B51 /* Release */,
			);
			defaultConfigurationIsVisible = 0;
			defaultConfigurationName = Release;
		};
		F8656A0B23F8577800FB4B51 /* Build configuration list for PBXNativeTarget "SwiftUI CourseTests" */ = {
			isa = XCConfigurationList;
			buildConfigurations = (
				F8656A0C23F8577800FB4B51 /* Debug */,
				F8656A0D23F8577800FB4B51 /* Release */,
			);
			defaultConfigurationIsVisible = 0;
			defaultConfigurationName = Release;
		};
		F8656A0E23F8577800FB4B51 /* Build configuration list for PBXNativeTarget "SwiftUI CourseUITests" */ = {
			isa = XCConfigurationList;
			buildConfigurations = (
				F8656A0F23F8577800FB4B51 /* Debug */,
				F8656A1023F8577800FB4B51 /* Release */,
			);
			defaultConfigurationIsVisible = 0;
			defaultConfigurationName = Release;
		};
/* End XCConfigurationList section */
	};
	rootObject = F86569D623F8577600FB4B51 /* Project object */;
}
